
Microsoft Visual Studio Solution File, Format Version 12.00
# Visual Studio Version 17
VisualStudioVersion = 17.0.31903.59
MinimumVisualStudioVersion = 10.0.40219.1
Project("{FAE04EC0-301F-11D3-BF4B-00C04F79EFBC}") = "Otus.ToDoList.ConsoleBot", "Otus.ToDoList.ConsoleBot\Otus.ToDoList.ConsoleBot.csproj", "{8F4881AB-8196-4909-87F9-7EA8840A04C9}"
EndProject
Project("{FAE04EC0-301F-11D3-BF4B-00C04F79EFBC}") = "LessonOop", "LessonOop\LessonOop.csproj", "{1086F73F-1444-4819-9048-343089F9857D}"
EndProject
Global
	GlobalSection(SolutionConfigurationPlatforms) = preSolution
		Debug|Any CPU = Debug|Any CPU
		Debug|x64 = Debug|x64
		Debug|x86 = Debug|x86
		Release|Any CPU = Release|Any CPU
		Release|x64 = Release|x64
		Release|x86 = Release|x86
	EndGlobalSection
	GlobalSection(ProjectConfigurationPlatforms) = postSolution
		{8F4881AB-8196-4909-87F9-7EA8840A04C9}.Debug|Any CPU.ActiveCfg = Debug|Any CPU
		{8F4881AB-8196-4909-87F9-7EA8840A04C9}.Debug|Any CPU.Build.0 = Debug|Any CPU
		{8F4881AB-8196-4909-87F9-7EA8840A04C9}.Debug|x64.ActiveCfg = Debug|Any CPU
		{8F4881AB-8196-4909-87F9-7EA8840A04C9}.Debug|x64.Build.0 = Debug|Any CPU
		{8F4881AB-8196-4909-87F9-7EA8840A04C9}.Debug|x86.ActiveCfg = Debug|Any CPU
		{8F4881AB-8196-4909-87F9-7EA8840A04C9}.Debug|x86.Build.0 = Debug|Any CPU
		{8F4881AB-8196-4909-87F9-7EA8840A04C9}.Release|Any CPU.ActiveCfg = Release|Any CPU
		{8F4881AB-8196-4909-87F9-7EA8840A04C9}.Release|Any CPU.Build.0 = Release|Any CPU
		{8F4881AB-8196-4909-87F9-7EA8840A04C9}.Release|x64.ActiveCfg = Release|Any CPU
		{8F4881AB-8196-4909-87F9-7EA8840A04C9}.Release|x64.Build.0 = Release|Any CPU
		{8F4881AB-8196-4909-87F9-7EA8840A04C9}.Release|x86.ActiveCfg = Release|Any CPU
		{8F4881AB-8196-4909-87F9-7EA8840A04C9}.Release|x86.Build.0 = Release|Any CPU
		{1086F73F-1444-4819-9048-343089F9857D}.Debug|Any CPU.ActiveCfg = Debug|Any CPU
		{1086F73F-1444-4819-9048-343089F9857D}.Debug|Any CPU.Build.0 = Debug|Any CPU
		{1086F73F-1444-4819-9048-343089F9857D}.Debug|x64.ActiveCfg = Debug|Any CPU
		{1086F73F-1444-4819-9048-343089F9857D}.Debug|x64.Build.0 = Debug|Any CPU
		{1086F73F-1444-4819-9048-343089F9857D}.Debug|x86.ActiveCfg = Debug|Any CPU
		{1086F73F-1444-4819-9048-343089F9857D}.Debug|x86.Build.0 = Debug|Any CPU
		{1086F73F-1444-4819-9048-343089F9857D}.Release|Any CPU.ActiveCfg = Release|Any CPU
		{1086F73F-1444-4819-9048-343089F9857D}.Release|Any CPU.Build.0 = Release|Any CPU
		{1086F73F-1444-4819-9048-343089F9857D}.Release|x64.ActiveCfg = Release|Any CPU
		{1086F73F-1444-4819-9048-343089F9857D}.Release|x64.Build.0 = Release|Any CPU
		{1086F73F-1444-4819-9048-343089F9857D}.Release|x86.ActiveCfg = Release|Any CPU
		{1086F73F-1444-4819-9048-343089F9857D}.Release|x86.Build.0 = Release|Any CPU
	EndGlobalSection
	GlobalSection(SolutionProperties) = preSolution
		HideSolutionNode = FALSE
	EndGlobalSection
EndGlobal
